
Microsoft Visual Studio Solution File, Format Version 12.00
# Visual Studio 2012
Project("{E24C65DC-7377-472B-9ABA-BC803B73C61A}") = "Rosen_Final", ".", "{50E65F61-6FC8-4F8C-AEF2-5B5367C1262A}"
	ProjectSection(WebsiteProperties) = preProject
		TargetFrameworkMoniker = ".NETFramework,Version%3Dv4.5"
		Debug.AspNetCompiler.VirtualPath = "/Rosen_Final"
		Debug.AspNetCompiler.PhysicalPath = "..\Rosen_Final\"
		Debug.AspNetCompiler.TargetPath = "PrecompiledWeb\Rosen_Final\"
		Debug.AspNetCompiler.Updateable = "true"
		Debug.AspNetCompiler.ForceOverwrite = "true"
		Debug.AspNetCompiler.FixedNames = "false"
		Debug.AspNetCompiler.Debug = "True"
		Release.AspNetCompiler.VirtualPath = "/Rosen_Final"
		Release.AspNetCompiler.PhysicalPath = "..\Rosen_Final\"
		Release.AspNetCompiler.TargetPath = "PrecompiledWeb\Rosen_Final\"
		Release.AspNetCompiler.Updateable = "true"
		Release.AspNetCompiler.ForceOverwrite = "true"
		Release.AspNetCompiler.FixedNames = "false"
		Release.AspNetCompiler.Debug = "False"
		VWDPort = "21359"
	EndProjectSection
EndProject
Global
	GlobalSection(SolutionConfigurationPlatforms) = preSolution
		Debug|Any CPU = Debug|Any CPU
	EndGlobalSection
	GlobalSection(ProjectConfigurationPlatforms) = postSolution
		{50E65F61-6FC8-4F8C-AEF2-5B5367C1262A}.Debug|Any CPU.ActiveCfg = Debug|Any CPU
		{50E65F61-6FC8-4F8C-AEF2-5B5367C1262A}.Debug|Any CPU.Build.0 = Debug|Any CPU
	EndGlobalSection
	GlobalSection(SolutionProperties) = preSolution
		HideSolutionNode = FALSE
	EndGlobalSection
EndGlobal
